
Microsoft Visual Studio Solution File, Format Version 12.00
# Visual Studio Version 16
VisualStudioVersion = 16.0.30114.105
MinimumVisualStudioVersion = 10.0.40219.1
Project("{9A19103F-16F7-4668-BE54-9A1E7A4F7556}") = "Pixsper.PosiStageDotNet", "src\Pixsper.PosiStageDotNet\Pixsper.PosiStageDotNet.csproj", "{1A24B27B-533B-4FB4-AB23-3DA0E63E1A91}"
EndProject
Project("{9A19103F-16F7-4668-BE54-9A1E7A4F7556}") = "Pixsper.PosiStageDotNet.Tests", "test\Pixsper.PosiStageDotNet.Tests\Pixsper.PosiStageDotNet.Tests.csproj", "{1273882E-F444-4025-BC5C-5B5046F2EDF3}"
EndProject
Project("{FAE04EC0-301F-11D3-BF4B-00C04F79EFBC}") = "Pixsper.PosiStageDotNet.Server", "example\Pixsper.PosiStageDotNet.Server\Pixsper.PosiStageDotNet.Server.csproj", "{2A4E4BDE-E410-410B-9D08-CCECD4918E9E}"
EndProject
Project("{2150E333-8FDC-42A3-9474-1A3956D46DE8}") = "Examples", "Examples", "{47755D50-12EF-4F60-A30E-4C4BC09D485D}"
EndProject
Project("{9A19103F-16F7-4668-BE54-9A1E7A4F7556}") = "Pixsper.PosiStageDotNet.Client", "example\Pixsper.PosiStageDotNet.Client\Pixsper.PosiStageDotNet.Client.csproj", "{9FEDA94C-5912-47CE-8495-6B95A0EC5AA5}"
EndProject
Global
	GlobalSection(SolutionConfigurationPlatforms) = preSolution
		Debug|Any CPU = Debug|Any CPU
		Release|Any CPU = Release|Any CPU
	EndGlobalSection
	GlobalSection(ProjectConfigurationPlatforms) = postSolution
		{1A24B27B-533B-4FB4-AB23-3DA0E63E1A91}.Debug|Any CPU.ActiveCfg = Debug|Any CPU
		{1A24B27B-533B-4FB4-AB23-3DA0E63E1A91}.Debug|Any CPU.Build.0 = Debug|Any CPU
		{1A24B27B-533B-4FB4-AB23-3DA0E63E1A91}.Release|Any CPU.ActiveCfg = Release|Any CPU
		{1A24B27B-533B-4FB4-AB23-3DA0E63E1A91}.Release|Any CPU.Build.0 = Release|Any CPU
		{1273882E-F444-4025-BC5C-5B5046F2EDF3}.Debug|Any CPU.ActiveCfg = Debug|Any CPU
		{1273882E-F444-4025-BC5C-5B5046F2EDF3}.Debug|Any CPU.Build.0 = Debug|Any CPU
		{1273882E-F444-4025-BC5C-5B5046F2EDF3}.Release|Any CPU.ActiveCfg = Release|Any CPU
		{1273882E-F444-4025-BC5C-5B5046F2EDF3}.Release|Any CPU.Build.0 = Release|Any CPU
		{2A4E4BDE-E410-410B-9D08-CCECD4918E9E}.Debug|Any CPU.ActiveCfg = Debug|Any CPU
		{2A4E4BDE-E410-410B-9D08-CCECD4918E9E}.Debug|Any CPU.Build.0 = Debug|Any CPU
		{2A4E4BDE-E410-410B-9D08-CCECD4918E9E}.Release|Any CPU.ActiveCfg = Release|Any CPU
		{2A4E4BDE-E410-410B-9D08-CCECD4918E9E}.Release|Any CPU.Build.0 = Release|Any CPU
		{9FEDA94C-5912-47CE-8495-6B95A0EC5AA5}.Debug|Any CPU.ActiveCfg = Debug|Any CPU
		{9FEDA94C-5912-47CE-8495-6B95A0EC5AA5}.Debug|Any CPU.Build.0 = Debug|Any CPU
		{9FEDA94C-5912-47CE-8495-6B95A0EC5AA5}.Release|Any CPU.ActiveCfg = Release|Any CPU
		{9FEDA94C-5912-47CE-8495-6B95A0EC5AA5}.Release|Any CPU.Build.0 = Release|Any CPU
	EndGlobalSection
	GlobalSection(SolutionProperties) = preSolution
		HideSolutionNode = FALSE
	EndGlobalSection
	GlobalSection(NestedProjects) = preSolution
		{2A4E4BDE-E410-410B-9D08-CCECD4918E9E} = {47755D50-12EF-4F60-A30E-4C4BC09D485D}
		{9FEDA94C-5912-47CE-8495-6B95A0EC5AA5} = {47755D50-12EF-4F60-A30E-4C4BC09D485D}
	EndGlobalSection
	GlobalSection(ExtensibilityGlobals) = postSolution
		SolutionGuid = {D2919E8D-00EE-44EE-9041-FBECC4E9ABD4}
	EndGlobalSection
EndGlobal
